
Microsoft Visual Studio Solution File, Format Version 12.00
# Visual Studio Version 17
VisualStudioVersion = 17.12.35707.178 d17.12
MinimumVisualStudioVersion = 10.0.40219.1
Project("{FAE04EC0-301F-11D3-BF4B-00C04F79EFBC}") = "AddressBookApp", "AddressBookApp\AddressBookApp.csproj", "{87FFC8CF-E2BD-4B64-9531-49AB0CD4CDFF}"
EndProject
Project("{FAE04EC0-301F-11D3-BF4B-00C04F79EFBC}") = "BusinessLayer", "BusinessLayer\BusinessLayer.csproj", "{427EFD53-B0A8-4EEA-857A-94FABFC5C9EA}"
EndProject
Project("{FAE04EC0-301F-11D3-BF4B-00C04F79EFBC}") = "RepositoryLayer", "RepositoryLayer\RepositoryLayer.csproj", "{9D2D6DA7-3BF7-4D34-969A-90CAD0BF81E3}"
EndProject
Project("{FAE04EC0-301F-11D3-BF4B-00C04F79EFBC}") = "ModelLayer", "ModelLayer\ModelLayer.csproj", "{5D47BF83-F7CA-4D93-BD6C-32623C705FC5}"
EndProject
Project("{FAE04EC0-301F-11D3-BF4B-00C04F79EFBC}") = "Middleware", "Middleware\Middleware.csproj", "{8F6FF95F-1131-4D91-9558-FD0C369E1B01}"
EndProject
Global
	GlobalSection(SolutionConfigurationPlatforms) = preSolution
		Debug|Any CPU = Debug|Any CPU
		Release|Any CPU = Release|Any CPU
	EndGlobalSection
	GlobalSection(ProjectConfigurationPlatforms) = postSolution
		{87FFC8CF-E2BD-4B64-9531-49AB0CD4CDFF}.Debug|Any CPU.ActiveCfg = Debug|Any CPU
		{87FFC8CF-E2BD-4B64-9531-49AB0CD4CDFF}.Debug|Any CPU.Build.0 = Debug|Any CPU
		{87FFC8CF-E2BD-4B64-9531-49AB0CD4CDFF}.Release|Any CPU.ActiveCfg = Release|Any CPU
		{87FFC8CF-E2BD-4B64-9531-49AB0CD4CDFF}.Release|Any CPU.Build.0 = Release|Any CPU
		{427EFD53-B0A8-4EEA-857A-94FABFC5C9EA}.Debug|Any CPU.ActiveCfg = Debug|Any CPU
		{427EFD53-B0A8-4EEA-857A-94FABFC5C9EA}.Debug|Any CPU.Build.0 = Debug|Any CPU
		{427EFD53-B0A8-4EEA-857A-94FABFC5C9EA}.Release|Any CPU.ActiveCfg = Release|Any CPU
		{427EFD53-B0A8-4EEA-857A-94FABFC5C9EA}.Release|Any CPU.Build.0 = Release|Any CPU
		{9D2D6DA7-3BF7-4D34-969A-90CAD0BF81E3}.Debug|Any CPU.ActiveCfg = Debug|Any CPU
		{9D2D6DA7-3BF7-4D34-969A-90CAD0BF81E3}.Debug|Any CPU.Build.0 = Debug|Any CPU
		{9D2D6DA7-3BF7-4D34-969A-90CAD0BF81E3}.Release|Any CPU.ActiveCfg = Release|Any CPU
		{9D2D6DA7-3BF7-4D34-969A-90CAD0BF81E3}.Release|Any CPU.Build.0 = Release|Any CPU
		{5D47BF83-F7CA-4D93-BD6C-32623C705FC5}.Debug|Any CPU.ActiveCfg = Debug|Any CPU
		{5D47BF83-F7CA-4D93-BD6C-32623C705FC5}.Debug|Any CPU.Build.0 = Debug|Any CPU
		{5D47BF83-F7CA-4D93-BD6C-32623C705FC5}.Release|Any CPU.ActiveCfg = Release|Any CPU
		{5D47BF83-F7CA-4D93-BD6C-32623C705FC5}.Release|Any CPU.Build.0 = Release|Any CPU
		{8F6FF95F-1131-4D91-9558-FD0C369E1B01}.Debug|Any CPU.ActiveCfg = Debug|Any CPU
		{8F6FF95F-1131-4D91-9558-FD0C369E1B01}.Debug|Any CPU.Build.0 = Debug|Any CPU
		{8F6FF95F-1131-4D91-9558-FD0C369E1B01}.Release|Any CPU.ActiveCfg = Release|Any CPU
		{8F6FF95F-1131-4D91-9558-FD0C369E1B01}.Release|Any CPU.Build.0 = Release|Any CPU
	EndGlobalSection
	GlobalSection(SolutionProperties) = preSolution
		HideSolutionNode = FALSE
	EndGlobalSection
EndGlobal
